// !$*UTF8*$!
{
	archiveVersion = 1;
	classes = {
	};
	objectVersion = 46;
	objects = {

/* Begin PBXBuildFile section */
		246F3D651CF400500034A5AA /* AppDelegate.swift in Sources */ = {isa = PBXBuildFile; fileRef = 246F3D641CF400500034A5AA /* AppDelegate.swift */; };
		246F3D671CF400500034A5AA /* ViewController.swift in Sources */ = {isa = PBXBuildFile; fileRef = 246F3D661CF400500034A5AA /* ViewController.swift */; };
		246F3D6A1CF400500034A5AA /* Main.storyboard in Resources */ = {isa = PBXBuildFile; fileRef = 246F3D681CF400500034A5AA /* Main.storyboard */; };
		246F3D6C1CF400500034A5AA /* Assets.xcassets in Resources */ = {isa = PBXBuildFile; fileRef = 246F3D6B1CF400500034A5AA /* Assets.xcassets */; };
		246F3D6F1CF400500034A5AA /* LaunchScreen.storyboard in Resources */ = {isa = PBXBuildFile; fileRef = 246F3D6D1CF400500034A5AA /* LaunchScreen.storyboard */; };
		246F3D7A1CF400510034A5AA /* startkitTests.swift in Sources */ = {isa = PBXBuildFile; fileRef = 246F3D791CF400510034A5AA /* startkitTests.swift */; };
		246F3D851CF400510034A5AA /* startkitUITests.swift in Sources */ = {isa = PBXBuildFile; fileRef = 246F3D841CF400510034A5AA /* startkitUITests.swift */; };
/* End PBXBuildFile section */

/* Begin PBXContainerItemProxy section */
		246F3D761CF400500034A5AA /* PBXContainerItemProxy */ = {
			isa = PBXContainerItemProxy;
			containerPortal = 246F3D591CF400500034A5AA /* Project object */;
			proxyType = 1;
			remoteGlobalIDString = 246F3D601CF400500034A5AA;
			remoteInfo = startkit;
		};
		246F3D811CF400510034A5AA /* PBXContainerItemProxy */ = {
			isa = PBXContainerItemProxy;
			containerPortal = 246F3D591CF400500034A5AA /* Project object */;
			proxyType = 1;
			remoteGlobalIDString = 246F3D601CF400500034A5AA;
			remoteInfo = startkit;
		};
/* End PBXContainerItemProxy section */

/* Begin PBXFileReference section */
		246F3D611CF400500034A5AA /* startkit.app */ = {isa = PBXFileReference; explicitFileType = wrapper.application; includeInIndex = 0; path = startkit.app; sourceTree = BUILT_PRODUCTS_DIR; };
		246F3D641CF400500034A5AA /* AppDelegate.swift */ = {isa = PBXFileReference; lastKnownFileType = sourcecode.swift; path = AppDelegate.swift; sourceTree = "<group>"; };
		246F3D661CF400500034A5AA /* ViewController.swift */ = {isa = PBXFileReference; lastKnownFileType = sourcecode.swift; path = ViewController.swift; sourceTree = "<group>"; };
		246F3D691CF400500034A5AA /* Base */ = {isa = PBXFileReference; lastKnownFileType = file.storyboard; name = Base; path = Base.lproj/Main.storyboard; sourceTree = "<group>"; };
		246F3D6B1CF400500034A5AA /* Assets.xcassets */ = {isa = PBXFileReference; lastKnownFileType = folder.assetcatalog; path = Assets.xcassets; sourceTree = "<group>"; };
		246F3D6E1CF400500034A5AA /* Base */ = {isa = PBXFileReference; lastKnownFileType = file.storyboard; name = Base; path = Base.lproj/LaunchScreen.storyboard; sourceTree = "<group>"; };
		246F3D701CF400500034A5AA /* Info.plist */ = {isa = PBXFileReference; lastKnownFileType = text.plist.xml; path = Info.plist; sourceTree = "<group>"; };
		246F3D751CF400500034A5AA /* startkitTests.xctest */ = {isa = PBXFileReference; explicitFileType = wrapper.cfbundle; includeInIndex = 0; path = startkitTests.xctest; sourceTree = BUILT_PRODUCTS_DIR; };
		246F3D791CF400510034A5AA /* startkitTests.swift */ = {isa = PBXFileReference; lastKnownFileType = sourcecode.swift; path = startkitTests.swift; sourceTree = "<group>"; };
		246F3D7B1CF400510034A5AA /* Info.plist */ = {isa = PBXFileReference; lastKnownFileType = text.plist.xml; path = Info.plist; sourceTree = "<group>"; };
		246F3D801CF400510034A5AA /* startkitUITests.xctest */ = {isa = PBXFileReference; explicitFileType = wrapper.cfbundle; includeInIndex = 0; path = startkitUITests.xctest; sourceTree = BUILT_PRODUCTS_DIR; };
		246F3D841CF400510034A5AA /* startkitUITests.swift */ = {isa = PBXFileReference; lastKnownFileType = sourcecode.swift; path = startkitUITests.swift; sourceTree = "<group>"; };
		246F3D861CF400510034A5AA /* Info.plist */ = {isa = PBXFileReference; lastKnownFileType = text.plist.xml; path = Info.plist; sourceTree = "<group>"; };
/* End PBXFileReference section */

/* Begin PBXFrameworksBuildPhase section */
		246F3D5E1CF400500034A5AA /* Frameworks */ = {
			isa = PBXFrameworksBuildPhase;
			buildActionMask = 2147483647;
			files = (
			);
			runOnlyForDeploymentPostprocessing = 0;
		};
		246F3D721CF400500034A5AA /* Frameworks */ = {
			isa = PBXFrameworksBuildPhase;
			buildActionMask = 2147483647;
			files = (
			);
			runOnlyForDeploymentPostprocessing = 0;
		};
		246F3D7D1CF400510034A5AA /* Frameworks */ = {
			isa = PBXFrameworksBuildPhase;
			buildActionMask = 2147483647;
			files = (
			);
			runOnlyForDeploymentPostprocessing = 0;
		};
/* End PBXFrameworksBuildPhase section */

/* Begin PBXGroup section */
		246F3D581CF400500034A5AA = {
			isa = PBXGroup;
			children = (
				246F3D631CF400500034A5AA /* startkit */,
				246F3D781CF400500034A5AA /* startkitTests */,
				246F3D831CF400510034A5AA /* startkitUITests */,
				246F3D621CF400500034A5AA /* Products */,
			);
			sourceTree = "<group>";
		};
		246F3D621CF400500034A5AA /* Products */ = {
			isa = PBXGroup;
			children = (
				246F3D611CF400500034A5AA /* startkit.app */,
				246F3D751CF400500034A5AA /* startkitTests.xctest */,
				246F3D801CF400510034A5AA /* startkitUITests.xctest */,
			);
			name = Products;
			sourceTree = "<group>";
		};
		246F3D631CF400500034A5AA /* startkit */ = {
			isa = PBXGroup;
			children = (
				246F3D641CF400500034A5AA /* AppDelegate.swift */,
				246F3D661CF400500034A5AA /* ViewController.swift */,
				246F3D681CF400500034A5AA /* Main.storyboard */,
				246F3D6B1CF400500034A5AA /* Assets.xcassets */,
				246F3D6D1CF400500034A5AA /* LaunchScreen.storyboard */,
				246F3D701CF400500034A5AA /* Info.plist */,
			);
			path = startkit;
			sourceTree = "<group>";
		};
		246F3D781CF400500034A5AA /* startkitTests */ = {
			isa = PBXGroup;
			children = (
				246F3D791CF400510034A5AA /* startkitTests.swift */,
				246F3D7B1CF400510034A5AA /* Info.plist */,
			);
			path = startkitTests;
			sourceTree = "<group>";
		};
		246F3D831CF400510034A5AA /* startkitUITests */ = {
			isa = PBXGroup;
			children = (
				246F3D841CF400510034A5AA /* startkitUITests.swift */,
				246F3D861CF400510034A5AA /* Info.plist */,
			);
			path = startkitUITests;
			sourceTree = "<group>";
		};
/* End PBXGroup section */

/* Begin PBXNativeTarget section */
		246F3D601CF400500034A5AA /* startkit */ = {
			isa = PBXNativeTarget;
			buildConfigurationList = 246F3D891CF400510034A5AA /* Build configuration list for PBXNativeTarget "startkit" */;
			buildPhases = (
				246F3D5D1CF400500034A5AA /* Sources */,
				246F3D5E1CF400500034A5AA /* Frameworks */,
				246F3D5F1CF400500034A5AA /* Resources */,
			);
			buildRules = (
			);
			dependencies = (
			);
			name = startkit;
			productName = startkit;
			productReference = 246F3D611CF400500034A5AA /* startkit.app */;
			productType = "com.apple.product-type.application";
		};
		246F3D741CF400500034A5AA /* startkitTests */ = {
			isa = PBXNativeTarget;
			buildConfigurationList = 246F3D8C1CF400510034A5AA /* Build configuration list for PBXNativeTarget "startkitTests" */;
			buildPhases = (
				246F3D711CF400500034A5AA /* Sources */,
				246F3D721CF400500034A5AA /* Frameworks */,
				246F3D731CF400500034A5AA /* Resources */,
			);
			buildRules = (
			);
			dependencies = (
				246F3D771CF400500034A5AA /* PBXTargetDependency */,
			);
			name = startkitTests;
			productName = startkitTests;
			productReference = 246F3D751CF400500034A5AA /* startkitTests.xctest */;
			productType = "com.apple.product-type.bundle.unit-test";
		};
		246F3D7F1CF400510034A5AA /* startkitUITests */ = {
			isa = PBXNativeTarget;
			buildConfigurationList = 246F3D8F1CF400510034A5AA /* Build configuration list for PBXNativeTarget "startkitUITests" */;
			buildPhases = (
				246F3D7C1CF400510034A5AA /* Sources */,
				246F3D7D1CF400510034A5AA /* Frameworks */,
				246F3D7E1CF400510034A5AA /* Resources */,
			);
			buildRules = (
			);
			dependencies = (
				246F3D821CF400510034A5AA /* PBXTargetDependency */,
			);
			name = startkitUITests;
			productName = startkitUITests;
			productReference = 246F3D801CF400510034A5AA /* startkitUITests.xctest */;
			productType = "com.apple.product-type.bundle.ui-testing";
		};
/* End PBXNativeTarget section */

/* Begin PBXProject section */
		246F3D591CF400500034A5AA /* Project object */ = {
			isa = PBXProject;
			attributes = {
				LastSwiftUpdateCheck = 0730;
				LastUpgradeCheck = 0730;
				ORGANIZATIONNAME = raspberrysoft;
				TargetAttributes = {
					246F3D601CF400500034A5AA = {
						CreatedOnToolsVersion = 7.3.1;
					};
					246F3D741CF400500034A5AA = {
						CreatedOnToolsVersion = 7.3.1;
						TestTargetID = 246F3D601CF400500034A5AA;
					};
					246F3D7F1CF400510034A5AA = {
						CreatedOnToolsVersion = 7.3.1;
						TestTargetID = 246F3D601CF400500034A5AA;
					};
				};
			};
			buildConfigurationList = 246F3D5C1CF400500034A5AA /* Build configuration list for PBXProject "startkit" */;
			compatibilityVersion = "Xcode 3.2";
			developmentRegion = English;
			hasScannedForEncodings = 0;
			knownRegions = (
				en,
				Base,
			);
			mainGroup = 246F3D581CF400500034A5AA;
			productRefGroup = 246F3D621CF400500034A5AA /* Products */;
			projectDirPath = "";
			projectRoot = "";
			targets = (
				246F3D601CF400500034A5AA /* startkit */,
				246F3D741CF400500034A5AA /* startkitTests */,
				246F3D7F1CF400510034A5AA /* startkitUITests */,
			);
		};
/* End PBXProject section */

/* Begin PBXResourcesBuildPhase section */
		246F3D5F1CF400500034A5AA /* Resources */ = {
			isa = PBXResourcesBuildPhase;
			buildActionMask = 2147483647;
			files = (
				246F3D6F1CF400500034A5AA /* LaunchScreen.storyboard in Resources */,
				246F3D6C1CF400500034A5AA /* Assets.xcassets in Resources */,
				246F3D6A1CF400500034A5AA /* Main.storyboard in Resources */,
			);
			runOnlyForDeploymentPostprocessing = 0;
		};
		246F3D731CF400500034A5AA /* Resources */ = {
			isa = PBXResourcesBuildPhase;
			buildActionMask = 2147483647;
			files = (
			);
			runOnlyForDeploymentPostprocessing = 0;
		};
		246F3D7E1CF400510034A5AA /* Resources */ = {
			isa = PBXResourcesBuildPhase;
			buildActionMask = 2147483647;
			files = (
			);
			runOnlyForDeploymentPostprocessing = 0;
		};
/* End PBXResourcesBuildPhase section */

/* Begin PBXSourcesBuildPhase section */
		246F3D5D1CF400500034A5AA /* Sources */ = {
			isa = PBXSourcesBuildPhase;
			buildActionMask = 2147483647;
			files = (
				246F3D671CF400500034A5AA /* ViewController.swift in Sources */,
				246F3D651CF400500034A5AA /* AppDelegate.swift in Sources */,
			);
			runOnlyForDeploymentPostprocessing = 0;
		};
		246F3D711CF400500034A5AA /* Sources */ = {
			isa = PBXSourcesBuildPhase;
			buildActionMask = 2147483647;
			files = (
				246F3D7A1CF400510034A5AA /* startkitTests.swift in Sources */,
			);
			runOnlyForDeploymentPostprocessing = 0;
		};
		246F3D7C1CF400510034A5AA /* Sources */ = {
			isa = PBXSourcesBuildPhase;
			buildActionMask = 2147483647;
			files = (
				246F3D851CF400510034A5AA /* startkitUITests.swift in Sources */,
			);
			runOnlyForDeploymentPostprocessing = 0;
		};
/* End PBXSourcesBuildPhase section */

/* Begin PBXTargetDependency section */
		246F3D771CF400500034A5AA /* PBXTargetDependency */ = {
			isa = PBXTargetDependency;
			target = 246F3D601CF400500034A5AA /* startkit */;
			targetProxy = 246F3D761CF400500034A5AA /* PBXContainerItemProxy */;
		};
		246F3D821CF400510034A5AA /* PBXTargetDependency */ = {
			isa = PBXTargetDependency;
			target = 246F3D601CF400500034A5AA /* startkit */;
			targetProxy = 246F3D811CF400510034A5AA /* PBXContainerItemProxy */;
		};
/* End PBXTargetDependency section */

/* Begin PBXVariantGroup section */
		246F3D681CF400500034A5AA /* Main.storyboard */ = {
			isa = PBXVariantGroup;
			children = (
				246F3D691CF400500034A5AA /* Base */,
			);
			name = Main.storyboard;
			sourceTree = "<group>";
		};
		246F3D6D1CF400500034A5AA /* LaunchScreen.storyboard */ = {
			isa = PBXVariantGroup;
			children = (
				246F3D6E1CF400500034A5AA /* Base */,
			);
			name = LaunchScreen.storyboard;
			sourceTree = "<group>";
		};
/* End PBXVariantGroup section */

/* Begin XCBuildConfiguration section */
		246F3D871CF400510034A5AA /* Debug */ = {
			isa = XCBuildConfiguration;
			buildSettings = {
				ALWAYS_SEARCH_USER_PATHS = NO;
				CLANG_ANALYZER_NONNULL = YES;
				CLANG_CXX_LANGUAGE_STANDARD = "gnu++0x";
				CLANG_CXX_LIBRARY = "libc++";
				CLANG_ENABLE_MODULES = YES;
				CLANG_ENABLE_OBJC_ARC = YES;
				CLANG_WARN_BOOL_CONVERSION = YES;
				CLANG_WARN_CONSTANT_CONVERSION = YES;
				CLANG_WARN_DIRECT_OBJC_ISA_USAGE = YES_ERROR;
				CLANG_WARN_EMPTY_BODY = YES;
				CLANG_WARN_ENUM_CONVERSION = YES;
				CLANG_WARN_INT_CONVERSION = YES;
				CLANG_WARN_OBJC_ROOT_CLASS = YES_ERROR;
				CLANG_WARN_UNREACHABLE_CODE = YES;
				CLANG_WARN__DUPLICATE_METHOD_MATCH = YES;
				"CODE_SIGN_IDENTITY[sdk=iphoneos*]" = "iPhone Developer";
				COPY_PHASE_STRIP = NO;
				DEBUG_INFORMATION_FORMAT = dwarf;
				ENABLE_STRICT_OBJC_MSGSEND = YES;
				ENABLE_TESTABILITY = YES;
				GCC_C_LANGUAGE_STANDARD = gnu99;
				GCC_DYNAMIC_NO_PIC = NO;
				GCC_NO_COMMON_BLOCKS = YES;
				GCC_OPTIMIZATION_LEVEL = 0;
				GCC_PREPROCESSOR_DEFINITIONS = (
					"DEBUG=1",
					"$(inherited)",
				);
				GCC_WARN_64_TO_32_BIT_CONVERSION = YES;
				GCC_WARN_ABOUT_RETURN_TYPE = YES_ERROR;
				GCC_WARN_UNDECLARED_SELECTOR = YES;
				GCC_WARN_UNINITIALIZED_AUTOS = YES_AGGRESSIVE;
				GCC_WARN_UNUSED_FUNCTION = YES;
				GCC_WARN_UNUSED_VARIABLE = YES;
				IPHONEOS_DEPLOYMENT_TARGET = 9.3;
				MTL_ENABLE_DEBUG_INFO = YES;
				ONLY_ACTIVE_ARCH = YES;
				SDKROOT = iphoneos;
				SWIFT_OPTIMIZATION_LEVEL = "-Onone";
			};
			name = Debug;
		};
		246F3D881CF400510034A5AA /* Release */ = {
			isa = XCBuildConfiguration;
			buildSettings = {
				ALWAYS_SEARCH_USER_PATHS = NO;
				CLANG_ANALYZER_NONNULL = YES;
				CLANG_CXX_LANGUAGE_STANDARD = "gnu++0x";
				CLANG_CXX_LIBRARY = "libc++";
				CLANG_ENABLE_MODULES = YES;
				CLANG_ENABLE_OBJC_ARC = YES;
				CLANG_WARN_BOOL_CONVERSION = YES;
				CLANG_WARN_CONSTANT_CONVERSION = YES;
				CLANG_WARN_DIRECT_OBJC_ISA_USAGE = YES_ERROR;
				CLANG_WARN_EMPTY_BODY = YES;
				CLANG_WARN_ENUM_CONVERSION = YES;
				CLANG_WARN_INT_CONVERSION = YES;
				CLANG_WARN_OBJC_ROOT_CLASS = YES_ERROR;
				CLANG_WARN_UNREACHABLE_CODE = YES;
				CLANG_WARN__DUPLICATE_METHOD_MATCH = YES;
				"CODE_SIGN_IDENTITY[sdk=iphoneos*]" = "iPhone Developer";
				COPY_PHASE_STRIP = NO;
				DEBUG_INFORMATION_FORMAT = "dwarf-with-dsym";
				ENABLE_NS_ASSERTIONS = NO;
				ENABLE_STRICT_OBJC_MSGSEND = YES;
				GCC_C_LANGUAGE_STANDARD = gnu99;
				GCC_NO_COMMON_BLOCKS = YES;
				GCC_WARN_64_TO_32_BIT_CONVERSION = YES;
				GCC_WARN_ABOUT_RETURN_TYPE = YES_ERROR;
				GCC_WARN_UNDECLARED_SELECTOR = YES;
				GCC_WARN_UNINITIALIZED_AUTOS = YES_AGGRESSIVE;
				GCC_WARN_UNUSED_FUNCTION = YES;
				GCC_WARN_UNUSED_VARIABLE = YES;
				IPHONEOS_DEPLOYMENT_TARGET = 9.3;
				MTL_ENABLE_DEBUG_INFO = NO;
				SDKROOT = iphoneos;
				VALIDATE_PRODUCT = YES;
			};
			name = Release;
		};
		246F3D8A1CF400510034A5AA /* Debug */ = {
			isa = XCBuildConfiguration;
			buildSettings = {
				ASSETCATALOG_COMPILER_APPICON_NAME = AppIcon;
				INFOPLIST_FILE = startkit/Info.plist;
				LD_RUNPATH_SEARCH_PATHS = "$(inherited) @executable_path/Frameworks";
				PRODUCT_BUNDLE_IDENTIFIER = kr.raspberrysoft.startkit;
				PRODUCT_NAME = "$(TARGET_NAME)";
			};
			name = Debug;
		};
		246F3D8B1CF400510034A5AA /* Release */ = {
			isa = XCBuildConfiguration;
			buildSettings = {
				ASSETCATALOG_COMPILER_APPICON_NAME = AppIcon;
				INFOPLIST_FILE = startkit/Info.plist;
				LD_RUNPATH_SEARCH_PATHS = "$(inherited) @executable_path/Frameworks";
				PRODUCT_BUNDLE_IDENTIFIER = kr.raspberrysoft.startkit;
				PRODUCT_NAME = "$(TARGET_NAME)";
			};
			name = Release;
		};
		246F3D8D1CF400510034A5AA /* Debug */ = {
			isa = XCBuildConfiguration;
			buildSettings = {
				BUNDLE_LOADER = "$(TEST_HOST)";
				INFOPLIST_FILE = startkitTests/Info.plist;
				LD_RUNPATH_SEARCH_PATHS = "$(inherited) @executable_path/Frameworks @loader_path/Frameworks";
				PRODUCT_BUNDLE_IDENTIFIER = kr.raspberrysoft.startkitTests;
				PRODUCT_NAME = "$(TARGET_NAME)";
				TEST_HOST = "$(BUILT_PRODUCTS_DIR)/startkit.app/startkit";
			};
			name = Debug;
		};
		246F3D8E1CF400510034A5AA /* Release */ = {
			isa = XCBuildConfiguration;
			buildSettings = {
				BUNDLE_LOADER = "$(TEST_HOST)";
				INFOPLIST_FILE = startkitTests/Info.plist;
				LD_RUNPATH_SEARCH_PATHS = "$(inherited) @executable_path/Frameworks @loader_path/Frameworks";
				PRODUCT_BUNDLE_IDENTIFIER = kr.raspberrysoft.startkitTests;
				PRODUCT_NAME = "$(TARGET_NAME)";
				TEST_HOST = "$(BUILT_PRODUCTS_DIR)/startkit.app/startkit";
			};
			name = Release;
		};
		246F3D901CF400510034A5AA /* Debug */ = {
			isa = XCBuildConfiguration;
			buildSettings = {
				INFOPLIST_FILE = startkitUITests/Info.plist;
				LD_RUNPATH_SEARCH_PATHS = "$(inherited) @executable_path/Frameworks @loader_path/Frameworks";
				PRODUCT_BUNDLE_IDENTIFIER = kr.raspberrysoft.startkitUITests;
				PRODUCT_NAME = "$(TARGET_NAME)";
				TEST_TARGET_NAME = startkit;
			};
			name = Debug;
		};
		246F3D911CF400510034A5AA /* Release */ = {
			isa = XCBuildConfiguration;
			buildSettings = {
				INFOPLIST_FILE = startkitUITests/Info.plist;
				LD_RUNPATH_SEARCH_PATHS = "$(inherited) @executable_path/Frameworks @loader_path/Frameworks";
				PRODUCT_BUNDLE_IDENTIFIER = kr.raspberrysoft.startkitUITests;
				PRODUCT_NAME = "$(TARGET_NAME)";
				TEST_TARGET_NAME = startkit;
			};
			name = Release;
		};
/* End XCBuildConfiguration section */

/* Begin XCConfigurationList section */
		246F3D5C1CF400500034A5AA /* Build configuration list for PBXProject "startkit" */ = {
			isa = XCConfigurationList;
			buildConfigurations = (
				246F3D871CF400510034A5AA /* Debug */,
				246F3D881CF400510034A5AA /* Release */,
			);
			defaultConfigurationIsVisible = 0;
			defaultConfigurationName = Release;
		};
		246F3D891CF400510034A5AA /* Build configuration list for PBXNativeTarget "startkit" */ = {
			isa = XCConfigurationList;
			buildConfigurations = (
				246F3D8A1CF400510034A5AA /* Debug */,
				246F3D8B1CF400510034A5AA /* Release */,
			);
			defaultConfigurationIsVisible = 0;
		};
		246F3D8C1CF400510034A5AA /* Build configuration list for PBXNativeTarget "startkitTests" */ = {
			isa = XCConfigurationList;
			buildConfigurations = (
				246F3D8D1CF400510034A5AA /* Debug */,
				246F3D8E1CF400510034A5AA /* Release */,
			);
			defaultConfigurationIsVisible = 0;
		};
		246F3D8F1CF400510034A5AA /* Build configuration list for PBXNativeTarget "startkitUITests" */ = {
			isa = XCConfigurationList;
			buildConfigurations = (
				246F3D901CF400510034A5AA /* Debug */,
				246F3D911CF400510034A5AA /* Release */,
			);
			defaultConfigurationIsVisible = 0;
		};
/* End XCConfigurationList section */
	};
	rootObject = 246F3D591CF400500034A5AA /* Project object */;
}
